
Microsoft Visual Studio Solution File, Format Version 12.00
# Visual Studio Version 17
VisualStudioVersion = 17.3.32825.248
MinimumVisualStudioVersion = 10.0.40219.1
Project("{2150E333-8FDC-42A3-9474-1A3956D46DE8}") = "Client", "Client", "{9A899720-FB23-4ACA-A3B5-63804E92D51B}"
EndProject
Project("{2150E333-8FDC-42A3-9474-1A3956D46DE8}") = "Common", "Common", "{98388F93-CB1C-4DF2-8208-1EDD43E51CE8}"
EndProject
Project("{2150E333-8FDC-42A3-9474-1A3956D46DE8}") = "Server", "Server", "{2B351932-CB01-4A06-8049-A7273C2B1B91}"
EndProject
Project("{2150E333-8FDC-42A3-9474-1A3956D46DE8}") = "AntDesign", "AntDesign", "{6216F649-AA60-4095-9E63-78AD69F79547}"
EndProject
Project("{9A19103F-16F7-4668-BE54-9A1E7A4F7556}") = "AIStudio.Entity", "Common\AIStudio.Entity\AIStudio.Entity.csproj", "{FD669FB0-E6E1-4BD3-B043-595C5BCED141}"
EndProject
Project("{2150E333-8FDC-42A3-9474-1A3956D46DE8}") = "Application", "Application", "{71B03B1B-EBFE-4511-B1DD-C80D99D81103}"
EndProject
Project("{9A19103F-16F7-4668-BE54-9A1E7A4F7556}") = "AIStudio.Client.Business", "Client\AIStudio.Client.Business\AIStudio.Client.Business.csproj", "{F68283FC-E9D9-46D9-AAF5-91EE585549B1}"
EndProject
Project("{9A19103F-16F7-4668-BE54-9A1E7A4F7556}") = "AIStudio.BlazorMaui.Client", "Client\Application\AIStudio.BlazorMaui.Client\AIStudio.BlazorMaui.Client.csproj", "{2E6F26C7-9F88-4A0D-A51E-09D810A5E6BD}"
EndProject
Project("{9A19103F-16F7-4668-BE54-9A1E7A4F7556}") = "AIStudio.BlazorServer.Client", "Client\Application\AIStudio.BlazorServer.Client\AIStudio.BlazorServer.Client.csproj", "{9DF44935-63E3-4765-8689-944EC5EE79D0}"
EndProject
Project("{9A19103F-16F7-4668-BE54-9A1E7A4F7556}") = "AIStudio.BlazorWinform.Client", "Client\Application\AIStudio.BlazorWinform.Client\AIStudio.BlazorWinform.Client.csproj", "{9E58D392-6110-4C34-9A32-28FC32D500FF}"
EndProject
Project("{9A19103F-16F7-4668-BE54-9A1E7A4F7556}") = "AIStudio.BlazorWpf.Client", "Client\Application\AIStudio.BlazorWpf.Client\AIStudio.BlazorWpf.Client.csproj", "{A17EF3BA-1460-4C25-B0E5-C3F8EC19BA1C}"
EndProject
Project("{9A19103F-16F7-4668-BE54-9A1E7A4F7556}") = "AIStudio.Api", "Server\AIStudio.Api\AIStudio.Api.csproj", "{50971B5B-CA66-45AF-B0E1-EC9A54F0120E}"
EndProject
Project("{2150E333-8FDC-42A3-9474-1A3956D46DE8}") = "SqlSugar", "SqlSugar", "{AFBD2AFF-E84C-4CFC-BC6E-36F9282AEC3E}"
EndProject
Project("{9A19103F-16F7-4668-BE54-9A1E7A4F7556}") = "SqlSugar", "Common\SqlSugar\SqlSugar-master\Src\Asp.NetCore2\SqlSugar\SqlSugar.csproj", "{E2C0018A-2667-438B-9AD3-CD6BC13A70A0}"
EndProject
Project("{9A19103F-16F7-4668-BE54-9A1E7A4F7556}") = "AIStudio.Common", "Common\AIStudio.Common\AIStudio.Common.csproj", "{7FB88688-CB78-4A4E-A176-E29BC602FECC}"
EndProject
Project("{9A19103F-16F7-4668-BE54-9A1E7A4F7556}") = "AntDesign", "Client\AntDesign\ant-design-blazor-master\components\AntDesign.csproj", "{BFD4501A-D12B-4CEF-AC8C-FC6D31C73891}"
EndProject
Project("{9A19103F-16F7-4668-BE54-9A1E7A4F7556}") = "AntDesign.Pro", "Client\AntDesign\ant-design-pro-blazor-master\src\AntDesign.Pro\AntDesign.Pro.csproj", "{D91B0D11-FC67-4B90-913B-11814FDA55B9}"
EndProject
Project("{9A19103F-16F7-4668-BE54-9A1E7A4F7556}") = "AIStudio.IBusiness", "Server\AIStudio.IBusiness\AIStudio.IBusiness.csproj", "{91A71659-F645-4C18-9A0D-794DA3F96233}"
EndProject
Project("{9A19103F-16F7-4668-BE54-9A1E7A4F7556}") = "AIStudio.Business", "Server\AIStudio.Business\AIStudio.Business.csproj", "{2353885F-CD99-4003-B64A-94F8C4356195}"
EndProject
Project("{9A19103F-16F7-4668-BE54-9A1E7A4F7556}") = "AIStudio.DbFactory", "Common\AIStudio.DbFactory\AIStudio.DbFactory.csproj", "{5A2E57A4-B75C-48C2-973D-88FBBCC3FC35}"
EndProject
Project("{9A19103F-16F7-4668-BE54-9A1E7A4F7556}") = "AIStudio.BlazorWasm.Server", "Server\AIStudio.BlazorWasm.Server\AIStudio.BlazorWasm.Server.csproj", "{8D089AC3-99D9-477F-8656-91BE4C44D9CE}"
EndProject
Project("{2150E333-8FDC-42A3-9474-1A3956D46DE8}") = "Diagram", "Diagram", "{CA0A0670-9C2F-4F75-9471-F33FF842F0ED}"
EndProject
Project("{9A19103F-16F7-4668-BE54-9A1E7A4F7556}") = "AIStudio.Util", "Common\AIStudio.Util\AIStudio.Util.csproj", "{0BDFE729-8014-42F4-9FF7-B3887C7241DD}"
EndProject
Project("{9A19103F-16F7-4668-BE54-9A1E7A4F7556}") = "AIStudio.BlazorUI", "Client\AIStudio.BlazorUI\AIStudio.BlazorUI.csproj", "{78386DA6-4B06-411C-9666-64A55AFCC9E7}"
EndProject
Project("{9A19103F-16F7-4668-BE54-9A1E7A4F7556}") = "AIStudio.BlazorDiagram", "Client\Diagram\AIStudio.BlazorDiagram\AIStudio.BlazorDiagram.csproj", "{C10B5357-96C0-4BBA-96ED-9234FC1E99F9}"
EndProject
Project("{9A19103F-16F7-4668-BE54-9A1E7A4F7556}") = "AIStudio.BlazorWasm.Client", "Client\Application\AIStudio.BlazorWasm.Client\AIStudio.BlazorWasm.Client.csproj", "{8BF86275-A4AB-4352-80FA-E86F6A7F8528}"
EndProject
Project("{2150E333-8FDC-42A3-9474-1A3956D46DE8}") = "WorkflowCore", "WorkflowCore", "{6BC0456A-C1DD-4DF6-B308-889BC813C6AA}"
EndProject
Project("{9A19103F-16F7-4668-BE54-9A1E7A4F7556}") = "WorkflowCore", "Common\WorkflowCore\WorkflowCore\WorkflowCore.csproj", "{FA41456D-3F3F-4CB7-970F-D1800606BEB3}"
EndProject
Project("{9A19103F-16F7-4668-BE54-9A1E7A4F7556}") = "WorkflowCore.DSL", "Common\WorkflowCore\WorkflowCore.DSL\WorkflowCore.DSL.csproj", "{0FE6039B-E515-4B60-B513-2F642B6FB0B7}"
EndProject
Project("{9A19103F-16F7-4668-BE54-9A1E7A4F7556}") = "WorkflowCore.Persistence.EntityFramework", "Common\WorkflowCore\providers\WorkflowCore.Persistence.EntityFramework\WorkflowCore.Persistence.EntityFramework.csproj", "{7F73DBC2-025D-44DF-9956-6B368CB80F9B}"
EndProject
Project("{9A19103F-16F7-4668-BE54-9A1E7A4F7556}") = "WorkflowCore.Persistence.SqlServer", "Common\WorkflowCore\providers\WorkflowCore.Persistence.SqlServer\WorkflowCore.Persistence.SqlServer.csproj", "{1F711484-2A93-4782-BB4A-537A6168BD3C}"
EndProject
Project("{9A19103F-16F7-4668-BE54-9A1E7A4F7556}") = "WorkflowCore.Persistence.MySQL", "Common\WorkflowCore\providers\WorkflowCore.Persistence.MySQL\WorkflowCore.Persistence.MySQL.csproj", "{B75399E2-AFFA-476A-8503-712E35FBB2C0}"
EndProject
Project("{9A19103F-16F7-4668-BE54-9A1E7A4F7556}") = "WorkflowCore.Persistence.PostgreSQL", "Common\WorkflowCore\providers\WorkflowCore.Persistence.PostgreSQL\WorkflowCore.Persistence.PostgreSQL.csproj", "{2F7096E8-2D89-4C3A-949A-99C9637002EE}"
EndProject
Project("{9A19103F-16F7-4668-BE54-9A1E7A4F7556}") = "WorkflowCore.Persistence.Sqlite", "Common\WorkflowCore\providers\WorkflowCore.Persistence.Sqlite\WorkflowCore.Persistence.Sqlite.csproj", "{56C8FBF6-4CC6-4B8B-B97C-76FCB1C6051F}"
EndProject
Project("{9A19103F-16F7-4668-BE54-9A1E7A4F7556}") = "AIStudio.BlazorDiagram.Test", "Client\Diagram\AIStudio.BlazorDiagram.Test\AIStudio.BlazorDiagram.Test.csproj", "{C442F119-7243-4960-ADB1-89BFDB470E02}"
EndProject
Global
	GlobalSection(SolutionConfigurationPlatforms) = preSolution
		Debug|Any CPU = Debug|Any CPU
		Release|Any CPU = Release|Any CPU
	EndGlobalSection
	GlobalSection(ProjectConfigurationPlatforms) = postSolution
		{FD669FB0-E6E1-4BD3-B043-595C5BCED141}.Debug|Any CPU.ActiveCfg = Debug|Any CPU
		{FD669FB0-E6E1-4BD3-B043-595C5BCED141}.Debug|Any CPU.Build.0 = Debug|Any CPU
		{FD669FB0-E6E1-4BD3-B043-595C5BCED141}.Release|Any CPU.ActiveCfg = Release|Any CPU
		{FD669FB0-E6E1-4BD3-B043-595C5BCED141}.Release|Any CPU.Build.0 = Release|Any CPU
		{F68283FC-E9D9-46D9-AAF5-91EE585549B1}.Debug|Any CPU.ActiveCfg = Debug|Any CPU
		{F68283FC-E9D9-46D9-AAF5-91EE585549B1}.Debug|Any CPU.Build.0 = Debug|Any CPU
		{F68283FC-E9D9-46D9-AAF5-91EE585549B1}.Release|Any CPU.ActiveCfg = Release|Any CPU
		{F68283FC-E9D9-46D9-AAF5-91EE585549B1}.Release|Any CPU.Build.0 = Release|Any CPU
		{2E6F26C7-9F88-4A0D-A51E-09D810A5E6BD}.Debug|Any CPU.ActiveCfg = Debug|Any CPU
		{2E6F26C7-9F88-4A0D-A51E-09D810A5E6BD}.Debug|Any CPU.Build.0 = Debug|Any CPU
		{2E6F26C7-9F88-4A0D-A51E-09D810A5E6BD}.Debug|Any CPU.Deploy.0 = Debug|Any CPU
		{2E6F26C7-9F88-4A0D-A51E-09D810A5E6BD}.Release|Any CPU.ActiveCfg = Release|Any CPU
		{2E6F26C7-9F88-4A0D-A51E-09D810A5E6BD}.Release|Any CPU.Build.0 = Release|Any CPU
		{2E6F26C7-9F88-4A0D-A51E-09D810A5E6BD}.Release|Any CPU.Deploy.0 = Release|Any CPU
		{9DF44935-63E3-4765-8689-944EC5EE79D0}.Debug|Any CPU.ActiveCfg = Debug|Any CPU
		{9DF44935-63E3-4765-8689-944EC5EE79D0}.Debug|Any CPU.Build.0 = Debug|Any CPU
		{9DF44935-63E3-4765-8689-944EC5EE79D0}.Release|Any CPU.ActiveCfg = Release|Any CPU
		{9DF44935-63E3-4765-8689-944EC5EE79D0}.Release|Any CPU.Build.0 = Release|Any CPU
		{9E58D392-6110-4C34-9A32-28FC32D500FF}.Debug|Any CPU.ActiveCfg = Debug|Any CPU
		{9E58D392-6110-4C34-9A32-28FC32D500FF}.Debug|Any CPU.Build.0 = Debug|Any CPU
		{9E58D392-6110-4C34-9A32-28FC32D500FF}.Release|Any CPU.ActiveCfg = Release|Any CPU
		{9E58D392-6110-4C34-9A32-28FC32D500FF}.Release|Any CPU.Build.0 = Release|Any CPU
		{A17EF3BA-1460-4C25-B0E5-C3F8EC19BA1C}.Debug|Any CPU.ActiveCfg = Debug|Any CPU
		{A17EF3BA-1460-4C25-B0E5-C3F8EC19BA1C}.Debug|Any CPU.Build.0 = Debug|Any CPU
		{A17EF3BA-1460-4C25-B0E5-C3F8EC19BA1C}.Release|Any CPU.ActiveCfg = Release|Any CPU
		{A17EF3BA-1460-4C25-B0E5-C3F8EC19BA1C}.Release|Any CPU.Build.0 = Release|Any CPU
		{50971B5B-CA66-45AF-B0E1-EC9A54F0120E}.Debug|Any CPU.ActiveCfg = Debug|Any CPU
		{50971B5B-CA66-45AF-B0E1-EC9A54F0120E}.Debug|Any CPU.Build.0 = Debug|Any CPU
		{50971B5B-CA66-45AF-B0E1-EC9A54F0120E}.Release|Any CPU.ActiveCfg = Release|Any CPU
		{50971B5B-CA66-45AF-B0E1-EC9A54F0120E}.Release|Any CPU.Build.0 = Release|Any CPU
		{E2C0018A-2667-438B-9AD3-CD6BC13A70A0}.Debug|Any CPU.ActiveCfg = Debug|Any CPU
		{E2C0018A-2667-438B-9AD3-CD6BC13A70A0}.Debug|Any CPU.Build.0 = Debug|Any CPU
		{E2C0018A-2667-438B-9AD3-CD6BC13A70A0}.Release|Any CPU.ActiveCfg = Release|Any CPU
		{E2C0018A-2667-438B-9AD3-CD6BC13A70A0}.Release|Any CPU.Build.0 = Release|Any CPU
		{7FB88688-CB78-4A4E-A176-E29BC602FECC}.Debug|Any CPU.ActiveCfg = Debug|Any CPU
		{7FB88688-CB78-4A4E-A176-E29BC602FECC}.Debug|Any CPU.Build.0 = Debug|Any CPU
		{7FB88688-CB78-4A4E-A176-E29BC602FECC}.Release|Any CPU.ActiveCfg = Release|Any CPU
		{7FB88688-CB78-4A4E-A176-E29BC602FECC}.Release|Any CPU.Build.0 = Release|Any CPU
		{BFD4501A-D12B-4CEF-AC8C-FC6D31C73891}.Debug|Any CPU.ActiveCfg = Debug|Any CPU
		{BFD4501A-D12B-4CEF-AC8C-FC6D31C73891}.Debug|Any CPU.Build.0 = Debug|Any CPU
		{BFD4501A-D12B-4CEF-AC8C-FC6D31C73891}.Release|Any CPU.ActiveCfg = Release|Any CPU
		{BFD4501A-D12B-4CEF-AC8C-FC6D31C73891}.Release|Any CPU.Build.0 = Release|Any CPU
		{D91B0D11-FC67-4B90-913B-11814FDA55B9}.Debug|Any CPU.ActiveCfg = Debug|Any CPU
		{D91B0D11-FC67-4B90-913B-11814FDA55B9}.Debug|Any CPU.Build.0 = Debug|Any CPU
		{D91B0D11-FC67-4B90-913B-11814FDA55B9}.Release|Any CPU.ActiveCfg = Release|Any CPU
		{D91B0D11-FC67-4B90-913B-11814FDA55B9}.Release|Any CPU.Build.0 = Release|Any CPU
		{91A71659-F645-4C18-9A0D-794DA3F96233}.Debug|Any CPU.ActiveCfg = Debug|Any CPU
		{91A71659-F645-4C18-9A0D-794DA3F96233}.Debug|Any CPU.Build.0 = Debug|Any CPU
		{91A71659-F645-4C18-9A0D-794DA3F96233}.Release|Any CPU.ActiveCfg = Release|Any CPU
		{91A71659-F645-4C18-9A0D-794DA3F96233}.Release|Any CPU.Build.0 = Release|Any CPU
		{2353885F-CD99-4003-B64A-94F8C4356195}.Debug|Any CPU.ActiveCfg = Debug|Any CPU
		{2353885F-CD99-4003-B64A-94F8C4356195}.Debug|Any CPU.Build.0 = Debug|Any CPU
		{2353885F-CD99-4003-B64A-94F8C4356195}.Release|Any CPU.ActiveCfg = Release|Any CPU
		{2353885F-CD99-4003-B64A-94F8C4356195}.Release|Any CPU.Build.0 = Release|Any CPU
		{5A2E57A4-B75C-48C2-973D-88FBBCC3FC35}.Debug|Any CPU.ActiveCfg = Debug|Any CPU
		{5A2E57A4-B75C-48C2-973D-88FBBCC3FC35}.Debug|Any CPU.Build.0 = Debug|Any CPU
		{5A2E57A4-B75C-48C2-973D-88FBBCC3FC35}.Release|Any CPU.ActiveCfg = Release|Any CPU
		{5A2E57A4-B75C-48C2-973D-88FBBCC3FC35}.Release|Any CPU.Build.0 = Release|Any CPU
		{8D089AC3-99D9-477F-8656-91BE4C44D9CE}.Debug|Any CPU.ActiveCfg = Debug|Any CPU
		{8D089AC3-99D9-477F-8656-91BE4C44D9CE}.Debug|Any CPU.Build.0 = Debug|Any CPU
		{8D089AC3-99D9-477F-8656-91BE4C44D9CE}.Release|Any CPU.ActiveCfg = Release|Any CPU
		{8D089AC3-99D9-477F-8656-91BE4C44D9CE}.Release|Any CPU.Build.0 = Release|Any CPU
		{0BDFE729-8014-42F4-9FF7-B3887C7241DD}.Debug|Any CPU.ActiveCfg = Debug|Any CPU
		{0BDFE729-8014-42F4-9FF7-B3887C7241DD}.Debug|Any CPU.Build.0 = Debug|Any CPU
		{0BDFE729-8014-42F4-9FF7-B3887C7241DD}.Release|Any CPU.ActiveCfg = Release|Any CPU
		{0BDFE729-8014-42F4-9FF7-B3887C7241DD}.Release|Any CPU.Build.0 = Release|Any CPU
		{78386DA6-4B06-411C-9666-64A55AFCC9E7}.Debug|Any CPU.ActiveCfg = Debug|Any CPU
		{78386DA6-4B06-411C-9666-64A55AFCC9E7}.Debug|Any CPU.Build.0 = Debug|Any CPU
		{78386DA6-4B06-411C-9666-64A55AFCC9E7}.Release|Any CPU.ActiveCfg = Release|Any CPU
		{78386DA6-4B06-411C-9666-64A55AFCC9E7}.Release|Any CPU.Build.0 = Release|Any CPU
		{C10B5357-96C0-4BBA-96ED-9234FC1E99F9}.Debug|Any CPU.ActiveCfg = Debug|Any CPU
		{C10B5357-96C0-4BBA-96ED-9234FC1E99F9}.Debug|Any CPU.Build.0 = Debug|Any CPU
		{C10B5357-96C0-4BBA-96ED-9234FC1E99F9}.Release|Any CPU.ActiveCfg = Release|Any CPU
		{C10B5357-96C0-4BBA-96ED-9234FC1E99F9}.Release|Any CPU.Build.0 = Release|Any CPU
		{8BF86275-A4AB-4352-80FA-E86F6A7F8528}.Debug|Any CPU.ActiveCfg = Debug|Any CPU
		{8BF86275-A4AB-4352-80FA-E86F6A7F8528}.Debug|Any CPU.Build.0 = Debug|Any CPU
		{8BF86275-A4AB-4352-80FA-E86F6A7F8528}.Release|Any CPU.ActiveCfg = Release|Any CPU
		{8BF86275-A4AB-4352-80FA-E86F6A7F8528}.Release|Any CPU.Build.0 = Release|Any CPU
		{FA41456D-3F3F-4CB7-970F-D1800606BEB3}.Debug|Any CPU.ActiveCfg = Debug|Any CPU
		{FA41456D-3F3F-4CB7-970F-D1800606BEB3}.Debug|Any CPU.Build.0 = Debug|Any CPU
		{FA41456D-3F3F-4CB7-970F-D1800606BEB3}.Release|Any CPU.ActiveCfg = Release|Any CPU
		{FA41456D-3F3F-4CB7-970F-D1800606BEB3}.Release|Any CPU.Build.0 = Release|Any CPU
		{0FE6039B-E515-4B60-B513-2F642B6FB0B7}.Debug|Any CPU.ActiveCfg = Debug|Any CPU
		{0FE6039B-E515-4B60-B513-2F642B6FB0B7}.Debug|Any CPU.Build.0 = Debug|Any CPU
		{0FE6039B-E515-4B60-B513-2F642B6FB0B7}.Release|Any CPU.ActiveCfg = Release|Any CPU
		{0FE6039B-E515-4B60-B513-2F642B6FB0B7}.Release|Any CPU.Build.0 = Release|Any CPU
		{7F73DBC2-025D-44DF-9956-6B368CB80F9B}.Debug|Any CPU.ActiveCfg = Debug|Any CPU
		{7F73DBC2-025D-44DF-9956-6B368CB80F9B}.Debug|Any CPU.Build.0 = Debug|Any CPU
		{7F73DBC2-025D-44DF-9956-6B368CB80F9B}.Release|Any CPU.ActiveCfg = Release|Any CPU
		{7F73DBC2-025D-44DF-9956-6B368CB80F9B}.Release|Any CPU.Build.0 = Release|Any CPU
		{1F711484-2A93-4782-BB4A-537A6168BD3C}.Debug|Any CPU.ActiveCfg = Debug|Any CPU
		{1F711484-2A93-4782-BB4A-537A6168BD3C}.Debug|Any CPU.Build.0 = Debug|Any CPU
		{1F711484-2A93-4782-BB4A-537A6168BD3C}.Release|Any CPU.ActiveCfg = Release|Any CPU
		{1F711484-2A93-4782-BB4A-537A6168BD3C}.Release|Any CPU.Build.0 = Release|Any CPU
		{B75399E2-AFFA-476A-8503-712E35FBB2C0}.Debug|Any CPU.ActiveCfg = Debug|Any CPU
		{B75399E2-AFFA-476A-8503-712E35FBB2C0}.Debug|Any CPU.Build.0 = Debug|Any CPU
		{B75399E2-AFFA-476A-8503-712E35FBB2C0}.Release|Any CPU.ActiveCfg = Release|Any CPU
		{B75399E2-AFFA-476A-8503-712E35FBB2C0}.Release|Any CPU.Build.0 = Release|Any CPU
		{2F7096E8-2D89-4C3A-949A-99C9637002EE}.Debug|Any CPU.ActiveCfg = Debug|Any CPU
		{2F7096E8-2D89-4C3A-949A-99C9637002EE}.Debug|Any CPU.Build.0 = Debug|Any CPU
		{2F7096E8-2D89-4C3A-949A-99C9637002EE}.Release|Any CPU.ActiveCfg = Release|Any CPU
		{2F7096E8-2D89-4C3A-949A-99C9637002EE}.Release|Any CPU.Build.0 = Release|Any CPU
		{56C8FBF6-4CC6-4B8B-B97C-76FCB1C6051F}.Debug|Any CPU.ActiveCfg = Debug|Any CPU
		{56C8FBF6-4CC6-4B8B-B97C-76FCB1C6051F}.Debug|Any CPU.Build.0 = Debug|Any CPU
		{56C8FBF6-4CC6-4B8B-B97C-76FCB1C6051F}.Release|Any CPU.ActiveCfg = Release|Any CPU
		{56C8FBF6-4CC6-4B8B-B97C-76FCB1C6051F}.Release|Any CPU.Build.0 = Release|Any CPU
		{C442F119-7243-4960-ADB1-89BFDB470E02}.Debug|Any CPU.ActiveCfg = Debug|Any CPU
		{C442F119-7243-4960-ADB1-89BFDB470E02}.Debug|Any CPU.Build.0 = Debug|Any CPU
		{C442F119-7243-4960-ADB1-89BFDB470E02}.Release|Any CPU.ActiveCfg = Release|Any CPU
		{C442F119-7243-4960-ADB1-89BFDB470E02}.Release|Any CPU.Build.0 = Release|Any CPU
	EndGlobalSection
	GlobalSection(SolutionProperties) = preSolution
		HideSolutionNode = FALSE
	EndGlobalSection
	GlobalSection(NestedProjects) = preSolution
		{6216F649-AA60-4095-9E63-78AD69F79547} = {9A899720-FB23-4ACA-A3B5-63804E92D51B}
		{FD669FB0-E6E1-4BD3-B043-595C5BCED141} = {98388F93-CB1C-4DF2-8208-1EDD43E51CE8}
		{71B03B1B-EBFE-4511-B1DD-C80D99D81103} = {9A899720-FB23-4ACA-A3B5-63804E92D51B}
		{F68283FC-E9D9-46D9-AAF5-91EE585549B1} = {9A899720-FB23-4ACA-A3B5-63804E92D51B}
		{2E6F26C7-9F88-4A0D-A51E-09D810A5E6BD} = {71B03B1B-EBFE-4511-B1DD-C80D99D81103}
		{9DF44935-63E3-4765-8689-944EC5EE79D0} = {71B03B1B-EBFE-4511-B1DD-C80D99D81103}
		{9E58D392-6110-4C34-9A32-28FC32D500FF} = {71B03B1B-EBFE-4511-B1DD-C80D99D81103}
		{A17EF3BA-1460-4C25-B0E5-C3F8EC19BA1C} = {71B03B1B-EBFE-4511-B1DD-C80D99D81103}
		{50971B5B-CA66-45AF-B0E1-EC9A54F0120E} = {2B351932-CB01-4A06-8049-A7273C2B1B91}
		{AFBD2AFF-E84C-4CFC-BC6E-36F9282AEC3E} = {98388F93-CB1C-4DF2-8208-1EDD43E51CE8}
		{E2C0018A-2667-438B-9AD3-CD6BC13A70A0} = {AFBD2AFF-E84C-4CFC-BC6E-36F9282AEC3E}
		{7FB88688-CB78-4A4E-A176-E29BC602FECC} = {98388F93-CB1C-4DF2-8208-1EDD43E51CE8}
		{BFD4501A-D12B-4CEF-AC8C-FC6D31C73891} = {6216F649-AA60-4095-9E63-78AD69F79547}
		{D91B0D11-FC67-4B90-913B-11814FDA55B9} = {6216F649-AA60-4095-9E63-78AD69F79547}
		{91A71659-F645-4C18-9A0D-794DA3F96233} = {2B351932-CB01-4A06-8049-A7273C2B1B91}
		{2353885F-CD99-4003-B64A-94F8C4356195} = {2B351932-CB01-4A06-8049-A7273C2B1B91}
		{5A2E57A4-B75C-48C2-973D-88FBBCC3FC35} = {98388F93-CB1C-4DF2-8208-1EDD43E51CE8}
		{8D089AC3-99D9-477F-8656-91BE4C44D9CE} = {2B351932-CB01-4A06-8049-A7273C2B1B91}
		{CA0A0670-9C2F-4F75-9471-F33FF842F0ED} = {9A899720-FB23-4ACA-A3B5-63804E92D51B}
		{0BDFE729-8014-42F4-9FF7-B3887C7241DD} = {98388F93-CB1C-4DF2-8208-1EDD43E51CE8}
		{78386DA6-4B06-411C-9666-64A55AFCC9E7} = {9A899720-FB23-4ACA-A3B5-63804E92D51B}
		{C10B5357-96C0-4BBA-96ED-9234FC1E99F9} = {CA0A0670-9C2F-4F75-9471-F33FF842F0ED}
		{8BF86275-A4AB-4352-80FA-E86F6A7F8528} = {71B03B1B-EBFE-4511-B1DD-C80D99D81103}
		{6BC0456A-C1DD-4DF6-B308-889BC813C6AA} = {98388F93-CB1C-4DF2-8208-1EDD43E51CE8}
		{FA41456D-3F3F-4CB7-970F-D1800606BEB3} = {6BC0456A-C1DD-4DF6-B308-889BC813C6AA}
		{0FE6039B-E515-4B60-B513-2F642B6FB0B7} = {6BC0456A-C1DD-4DF6-B308-889BC813C6AA}
		{7F73DBC2-025D-44DF-9956-6B368CB80F9B} = {6BC0456A-C1DD-4DF6-B308-889BC813C6AA}
		{1F711484-2A93-4782-BB4A-537A6168BD3C} = {6BC0456A-C1DD-4DF6-B308-889BC813C6AA}
		{B75399E2-AFFA-476A-8503-712E35FBB2C0} = {6BC0456A-C1DD-4DF6-B308-889BC813C6AA}
		{2F7096E8-2D89-4C3A-949A-99C9637002EE} = {6BC0456A-C1DD-4DF6-B308-889BC813C6AA}
		{56C8FBF6-4CC6-4B8B-B97C-76FCB1C6051F} = {6BC0456A-C1DD-4DF6-B308-889BC813C6AA}
		{C442F119-7243-4960-ADB1-89BFDB470E02} = {CA0A0670-9C2F-4F75-9471-F33FF842F0ED}
	EndGlobalSection
	GlobalSection(ExtensibilityGlobals) = postSolution
		SolutionGuid = {27ED43B6-FD42-4F3A-B51C-28EDA758DBC8}
	EndGlobalSection
EndGlobal
