
Microsoft Visual Studio Solution File, Format Version 12.00
# Visual Studio Version 17
VisualStudioVersion = 17.3.32825.248
MinimumVisualStudioVersion = 10.0.40219.1
Project("{2150E333-8FDC-42A3-9474-1A3956D46DE8}") = "Client", "Client", "{9A899720-FB23-4ACA-A3B5-63804E92D51B}"
EndProject
Project("{2150E333-8FDC-42A3-9474-1A3956D46DE8}") = "Common", "Common", "{98388F93-CB1C-4DF2-8208-1EDD43E51CE8}"
EndProject
Project("{2150E333-8FDC-42A3-9474-1A3956D46DE8}") = "Server", "Server", "{2B351932-CB01-4A06-8049-A7273C2B1B91}"
EndProject
Project("{2150E333-8FDC-42A3-9474-1A3956D46DE8}") = "AntDesign", "AntDesign", "{6216F649-AA60-4095-9E63-78AD69F79547}"
EndProject
Project("{9A19103F-16F7-4668-BE54-9A1E7A4F7556}") = "AIStudio.Entity", "Common\AIStudio.Entity\AIStudio.Entity.csproj", "{FD669FB0-E6E1-4BD3-B043-595C5BCED141}"
EndProject
Project("{9A19103F-16F7-4668-BE54-9A1E7A4F7556}") = "AIStudio.Util", "Common\AIStudio.Util\AIStudio.Util.csproj", "{9EA4C54F-5E72-4A87-85A7-77E4530C37A2}"
EndProject
Project("{2150E333-8FDC-42A3-9474-1A3956D46DE8}") = "Application", "Application", "{71B03B1B-EBFE-4511-B1DD-C80D99D81103}"
EndProject
Project("{9A19103F-16F7-4668-BE54-9A1E7A4F7556}") = "AIStudio.Client.Business", "Client\AIStudio.Client.Business\AIStudio.Client.Business.csproj", "{F68283FC-E9D9-46D9-AAF5-91EE585549B1}"
EndProject
Project("{9A19103F-16F7-4668-BE54-9A1E7A4F7556}") = "AIStudio.Blazor.UI", "Client\AIStudio.Blazor.UI\AIStudio.Blazor.UI.csproj", "{D59D029F-AE65-456A-8393-6331A070E943}"
EndProject
Project("{9A19103F-16F7-4668-BE54-9A1E7A4F7556}") = "AIStudio.BlazorMaui.Client", "Client\Application\AIStudio.BlazorMaui.Client\AIStudio.BlazorMaui.Client.csproj", "{2E6F26C7-9F88-4A0D-A51E-09D810A5E6BD}"
EndProject
Project("{9A19103F-16F7-4668-BE54-9A1E7A4F7556}") = "AIStudio.BlazorServer.Client", "Client\Application\AIStudio.BlazorServer.Client\AIStudio.BlazorServer.Client.csproj", "{9DF44935-63E3-4765-8689-944EC5EE79D0}"
EndProject
Project("{9A19103F-16F7-4668-BE54-9A1E7A4F7556}") = "AIStudio.BlazorWasm.Client", "Client\Application\AIStudio.BlazorWasm.Client\AIStudio.BlazorWasm.Client.csproj", "{DA3784D3-45FF-4766-8B9E-250289BB0B13}"
EndProject
Project("{9A19103F-16F7-4668-BE54-9A1E7A4F7556}") = "AIStudio.BlazorWinform.Client", "Client\Application\AIStudio.BlazorWinform.Client\AIStudio.BlazorWinform.Client.csproj", "{9E58D392-6110-4C34-9A32-28FC32D500FF}"
EndProject
Project("{9A19103F-16F7-4668-BE54-9A1E7A4F7556}") = "AIStudio.BlazorWpf.Client", "Client\Application\AIStudio.BlazorWpf.Client\AIStudio.BlazorWpf.Client.csproj", "{A17EF3BA-1460-4C25-B0E5-C3F8EC19BA1C}"
EndProject
Project("{9A19103F-16F7-4668-BE54-9A1E7A4F7556}") = "AIStudio.Api", "Server\AIStudio.Api\AIStudio.Api.csproj", "{50971B5B-CA66-45AF-B0E1-EC9A54F0120E}"
EndProject
Project("{2150E333-8FDC-42A3-9474-1A3956D46DE8}") = "SqlSugar", "SqlSugar", "{AFBD2AFF-E84C-4CFC-BC6E-36F9282AEC3E}"
EndProject
Project("{9A19103F-16F7-4668-BE54-9A1E7A4F7556}") = "SqlSugar", "Common\SqlSugar\SqlSugar-master\Src\Asp.NetCore2\SqlSugar\SqlSugar.csproj", "{E2C0018A-2667-438B-9AD3-CD6BC13A70A0}"
EndProject
Project("{9A19103F-16F7-4668-BE54-9A1E7A4F7556}") = "AIStudio.Common", "Common\AIStudio.Common\AIStudio.Common.csproj", "{7FB88688-CB78-4A4E-A176-E29BC602FECC}"
EndProject
Project("{9A19103F-16F7-4668-BE54-9A1E7A4F7556}") = "AntDesign", "Client\AntDesign\ant-design-blazor-master\components\AntDesign.csproj", "{BFD4501A-D12B-4CEF-AC8C-FC6D31C73891}"
EndProject
Project("{9A19103F-16F7-4668-BE54-9A1E7A4F7556}") = "AntDesign.Pro", "Client\AntDesign\ant-design-pro-blazor-master\src\AntDesign.Pro\AntDesign.Pro.csproj", "{D91B0D11-FC67-4B90-913B-11814FDA55B9}"
EndProject
Project("{FAE04EC0-301F-11D3-BF4B-00C04F79EFBC}") = "AIStudio.IBusiness", "Server\AIStudio.IBusiness\AIStudio.IBusiness.csproj", "{91A71659-F645-4C18-9A0D-794DA3F96233}"
EndProject
Project("{FAE04EC0-301F-11D3-BF4B-00C04F79EFBC}") = "AIStudio.Business", "Server\AIStudio.Business\AIStudio.Business.csproj", "{2353885F-CD99-4003-B64A-94F8C4356195}"
EndProject
Global
	GlobalSection(SolutionConfigurationPlatforms) = preSolution
		Debug|Any CPU = Debug|Any CPU
		Release|Any CPU = Release|Any CPU
	EndGlobalSection
	GlobalSection(ProjectConfigurationPlatforms) = postSolution
		{FD669FB0-E6E1-4BD3-B043-595C5BCED141}.Debug|Any CPU.ActiveCfg = Debug|Any CPU
		{FD669FB0-E6E1-4BD3-B043-595C5BCED141}.Debug|Any CPU.Build.0 = Debug|Any CPU
		{FD669FB0-E6E1-4BD3-B043-595C5BCED141}.Release|Any CPU.ActiveCfg = Release|Any CPU
		{FD669FB0-E6E1-4BD3-B043-595C5BCED141}.Release|Any CPU.Build.0 = Release|Any CPU
		{9EA4C54F-5E72-4A87-85A7-77E4530C37A2}.Debug|Any CPU.ActiveCfg = Debug|Any CPU
		{9EA4C54F-5E72-4A87-85A7-77E4530C37A2}.Debug|Any CPU.Build.0 = Debug|Any CPU
		{9EA4C54F-5E72-4A87-85A7-77E4530C37A2}.Release|Any CPU.ActiveCfg = Release|Any CPU
		{9EA4C54F-5E72-4A87-85A7-77E4530C37A2}.Release|Any CPU.Build.0 = Release|Any CPU
		{F68283FC-E9D9-46D9-AAF5-91EE585549B1}.Debug|Any CPU.ActiveCfg = Debug|Any CPU
		{F68283FC-E9D9-46D9-AAF5-91EE585549B1}.Debug|Any CPU.Build.0 = Debug|Any CPU
		{F68283FC-E9D9-46D9-AAF5-91EE585549B1}.Release|Any CPU.ActiveCfg = Release|Any CPU
		{F68283FC-E9D9-46D9-AAF5-91EE585549B1}.Release|Any CPU.Build.0 = Release|Any CPU
		{D59D029F-AE65-456A-8393-6331A070E943}.Debug|Any CPU.ActiveCfg = Debug|Any CPU
		{D59D029F-AE65-456A-8393-6331A070E943}.Debug|Any CPU.Build.0 = Debug|Any CPU
		{D59D029F-AE65-456A-8393-6331A070E943}.Release|Any CPU.ActiveCfg = Release|Any CPU
		{D59D029F-AE65-456A-8393-6331A070E943}.Release|Any CPU.Build.0 = Release|Any CPU
		{2E6F26C7-9F88-4A0D-A51E-09D810A5E6BD}.Debug|Any CPU.ActiveCfg = Debug|Any CPU
		{2E6F26C7-9F88-4A0D-A51E-09D810A5E6BD}.Debug|Any CPU.Build.0 = Debug|Any CPU
		{2E6F26C7-9F88-4A0D-A51E-09D810A5E6BD}.Debug|Any CPU.Deploy.0 = Debug|Any CPU
		{2E6F26C7-9F88-4A0D-A51E-09D810A5E6BD}.Release|Any CPU.ActiveCfg = Release|Any CPU
		{2E6F26C7-9F88-4A0D-A51E-09D810A5E6BD}.Release|Any CPU.Build.0 = Release|Any CPU
		{2E6F26C7-9F88-4A0D-A51E-09D810A5E6BD}.Release|Any CPU.Deploy.0 = Release|Any CPU
		{9DF44935-63E3-4765-8689-944EC5EE79D0}.Debug|Any CPU.ActiveCfg = Debug|Any CPU
		{9DF44935-63E3-4765-8689-944EC5EE79D0}.Debug|Any CPU.Build.0 = Debug|Any CPU
		{9DF44935-63E3-4765-8689-944EC5EE79D0}.Release|Any CPU.ActiveCfg = Release|Any CPU
		{9DF44935-63E3-4765-8689-944EC5EE79D0}.Release|Any CPU.Build.0 = Release|Any CPU
		{DA3784D3-45FF-4766-8B9E-250289BB0B13}.Debug|Any CPU.ActiveCfg = Debug|Any CPU
		{DA3784D3-45FF-4766-8B9E-250289BB0B13}.Debug|Any CPU.Build.0 = Debug|Any CPU
		{DA3784D3-45FF-4766-8B9E-250289BB0B13}.Release|Any CPU.ActiveCfg = Release|Any CPU
		{DA3784D3-45FF-4766-8B9E-250289BB0B13}.Release|Any CPU.Build.0 = Release|Any CPU
		{9E58D392-6110-4C34-9A32-28FC32D500FF}.Debug|Any CPU.ActiveCfg = Debug|Any CPU
		{9E58D392-6110-4C34-9A32-28FC32D500FF}.Debug|Any CPU.Build.0 = Debug|Any CPU
		{9E58D392-6110-4C34-9A32-28FC32D500FF}.Release|Any CPU.ActiveCfg = Release|Any CPU
		{9E58D392-6110-4C34-9A32-28FC32D500FF}.Release|Any CPU.Build.0 = Release|Any CPU
		{A17EF3BA-1460-4C25-B0E5-C3F8EC19BA1C}.Debug|Any CPU.ActiveCfg = Debug|Any CPU
		{A17EF3BA-1460-4C25-B0E5-C3F8EC19BA1C}.Debug|Any CPU.Build.0 = Debug|Any CPU
		{A17EF3BA-1460-4C25-B0E5-C3F8EC19BA1C}.Release|Any CPU.ActiveCfg = Release|Any CPU
		{A17EF3BA-1460-4C25-B0E5-C3F8EC19BA1C}.Release|Any CPU.Build.0 = Release|Any CPU
		{50971B5B-CA66-45AF-B0E1-EC9A54F0120E}.Debug|Any CPU.ActiveCfg = Debug|Any CPU
		{50971B5B-CA66-45AF-B0E1-EC9A54F0120E}.Debug|Any CPU.Build.0 = Debug|Any CPU
		{50971B5B-CA66-45AF-B0E1-EC9A54F0120E}.Release|Any CPU.ActiveCfg = Release|Any CPU
		{50971B5B-CA66-45AF-B0E1-EC9A54F0120E}.Release|Any CPU.Build.0 = Release|Any CPU
		{E2C0018A-2667-438B-9AD3-CD6BC13A70A0}.Debug|Any CPU.ActiveCfg = Debug|Any CPU
		{E2C0018A-2667-438B-9AD3-CD6BC13A70A0}.Debug|Any CPU.Build.0 = Debug|Any CPU
		{E2C0018A-2667-438B-9AD3-CD6BC13A70A0}.Release|Any CPU.ActiveCfg = Release|Any CPU
		{E2C0018A-2667-438B-9AD3-CD6BC13A70A0}.Release|Any CPU.Build.0 = Release|Any CPU
		{7FB88688-CB78-4A4E-A176-E29BC602FECC}.Debug|Any CPU.ActiveCfg = Debug|Any CPU
		{7FB88688-CB78-4A4E-A176-E29BC602FECC}.Debug|Any CPU.Build.0 = Debug|Any CPU
		{7FB88688-CB78-4A4E-A176-E29BC602FECC}.Release|Any CPU.ActiveCfg = Release|Any CPU
		{7FB88688-CB78-4A4E-A176-E29BC602FECC}.Release|Any CPU.Build.0 = Release|Any CPU
		{BFD4501A-D12B-4CEF-AC8C-FC6D31C73891}.Debug|Any CPU.ActiveCfg = Debug|Any CPU
		{BFD4501A-D12B-4CEF-AC8C-FC6D31C73891}.Debug|Any CPU.Build.0 = Debug|Any CPU
		{BFD4501A-D12B-4CEF-AC8C-FC6D31C73891}.Release|Any CPU.ActiveCfg = Release|Any CPU
		{BFD4501A-D12B-4CEF-AC8C-FC6D31C73891}.Release|Any CPU.Build.0 = Release|Any CPU
		{D91B0D11-FC67-4B90-913B-11814FDA55B9}.Debug|Any CPU.ActiveCfg = Debug|Any CPU
		{D91B0D11-FC67-4B90-913B-11814FDA55B9}.Debug|Any CPU.Build.0 = Debug|Any CPU
		{D91B0D11-FC67-4B90-913B-11814FDA55B9}.Release|Any CPU.ActiveCfg = Release|Any CPU
		{D91B0D11-FC67-4B90-913B-11814FDA55B9}.Release|Any CPU.Build.0 = Release|Any CPU
		{91A71659-F645-4C18-9A0D-794DA3F96233}.Debug|Any CPU.ActiveCfg = Debug|Any CPU
		{91A71659-F645-4C18-9A0D-794DA3F96233}.Debug|Any CPU.Build.0 = Debug|Any CPU
		{91A71659-F645-4C18-9A0D-794DA3F96233}.Release|Any CPU.ActiveCfg = Release|Any CPU
		{91A71659-F645-4C18-9A0D-794DA3F96233}.Release|Any CPU.Build.0 = Release|Any CPU
		{2353885F-CD99-4003-B64A-94F8C4356195}.Debug|Any CPU.ActiveCfg = Debug|Any CPU
		{2353885F-CD99-4003-B64A-94F8C4356195}.Debug|Any CPU.Build.0 = Debug|Any CPU
		{2353885F-CD99-4003-B64A-94F8C4356195}.Release|Any CPU.ActiveCfg = Release|Any CPU
		{2353885F-CD99-4003-B64A-94F8C4356195}.Release|Any CPU.Build.0 = Release|Any CPU
	EndGlobalSection
	GlobalSection(SolutionProperties) = preSolution
		HideSolutionNode = FALSE
	EndGlobalSection
	GlobalSection(NestedProjects) = preSolution
		{6216F649-AA60-4095-9E63-78AD69F79547} = {9A899720-FB23-4ACA-A3B5-63804E92D51B}
		{FD669FB0-E6E1-4BD3-B043-595C5BCED141} = {98388F93-CB1C-4DF2-8208-1EDD43E51CE8}
		{9EA4C54F-5E72-4A87-85A7-77E4530C37A2} = {98388F93-CB1C-4DF2-8208-1EDD43E51CE8}
		{71B03B1B-EBFE-4511-B1DD-C80D99D81103} = {9A899720-FB23-4ACA-A3B5-63804E92D51B}
		{F68283FC-E9D9-46D9-AAF5-91EE585549B1} = {9A899720-FB23-4ACA-A3B5-63804E92D51B}
		{D59D029F-AE65-456A-8393-6331A070E943} = {9A899720-FB23-4ACA-A3B5-63804E92D51B}
		{2E6F26C7-9F88-4A0D-A51E-09D810A5E6BD} = {71B03B1B-EBFE-4511-B1DD-C80D99D81103}
		{9DF44935-63E3-4765-8689-944EC5EE79D0} = {71B03B1B-EBFE-4511-B1DD-C80D99D81103}
		{DA3784D3-45FF-4766-8B9E-250289BB0B13} = {71B03B1B-EBFE-4511-B1DD-C80D99D81103}
		{9E58D392-6110-4C34-9A32-28FC32D500FF} = {71B03B1B-EBFE-4511-B1DD-C80D99D81103}
		{A17EF3BA-1460-4C25-B0E5-C3F8EC19BA1C} = {71B03B1B-EBFE-4511-B1DD-C80D99D81103}
		{50971B5B-CA66-45AF-B0E1-EC9A54F0120E} = {2B351932-CB01-4A06-8049-A7273C2B1B91}
		{AFBD2AFF-E84C-4CFC-BC6E-36F9282AEC3E} = {98388F93-CB1C-4DF2-8208-1EDD43E51CE8}
		{E2C0018A-2667-438B-9AD3-CD6BC13A70A0} = {AFBD2AFF-E84C-4CFC-BC6E-36F9282AEC3E}
		{7FB88688-CB78-4A4E-A176-E29BC602FECC} = {98388F93-CB1C-4DF2-8208-1EDD43E51CE8}
		{BFD4501A-D12B-4CEF-AC8C-FC6D31C73891} = {6216F649-AA60-4095-9E63-78AD69F79547}
		{D91B0D11-FC67-4B90-913B-11814FDA55B9} = {6216F649-AA60-4095-9E63-78AD69F79547}
		{91A71659-F645-4C18-9A0D-794DA3F96233} = {2B351932-CB01-4A06-8049-A7273C2B1B91}
		{2353885F-CD99-4003-B64A-94F8C4356195} = {2B351932-CB01-4A06-8049-A7273C2B1B91}
	EndGlobalSection
	GlobalSection(ExtensibilityGlobals) = postSolution
		SolutionGuid = {27ED43B6-FD42-4F3A-B51C-28EDA758DBC8}
	EndGlobalSection
EndGlobal
